// !$*UTF8*$!
{
	archiveVersion = 1;
	classes = {
	};
	objectVersion = 46;
	objects = {

/* Begin PBXBuildFile section */
		C0B4293BF9F523998C16874A /* Pods_pokedex3.framework in Frameworks */ = {isa = PBXBuildFile; fileRef = 2A29A917088B7302ED3E8103 /* Pods_pokedex3.framework */; };
		D04713371DA3D8F100D16063 /* AppDelegate.swift in Sources */ = {isa = PBXBuildFile; fileRef = D04713361DA3D8F100D16063 /* AppDelegate.swift */; };
		D04713391DA3D8F100D16063 /* ViewController.swift in Sources */ = {isa = PBXBuildFile; fileRef = D04713381DA3D8F100D16063 /* ViewController.swift */; };
		D047133C1DA3D8F100D16063 /* Main.storyboard in Resources */ = {isa = PBXBuildFile; fileRef = D047133A1DA3D8F100D16063 /* Main.storyboard */; };
		D047133E1DA3D8F100D16063 /* Assets.xcassets in Resources */ = {isa = PBXBuildFile; fileRef = D047133D1DA3D8F100D16063 /* Assets.xcassets */; };
		D04713411DA3D8F100D16063 /* LaunchScreen.storyboard in Resources */ = {isa = PBXBuildFile; fileRef = D047133F1DA3D8F100D16063 /* LaunchScreen.storyboard */; };
		D07351BE1DA42FD90066B8FD /* PokeCell.swift in Sources */ = {isa = PBXBuildFile; fileRef = D07351BD1DA42FD90066B8FD /* PokeCell.swift */; };
		D07351C01DA43DD60066B8FD /* csv.swift in Sources */ = {isa = PBXBuildFile; fileRef = D07351BF1DA43DD60066B8FD /* csv.swift */; };
		D07351C41DA4440F0066B8FD /* pokemon.ttf in Resources */ = {isa = PBXBuildFile; fileRef = D07351C31DA4440F0066B8FD /* pokemon.ttf */; };
		D07351CA1DA446BD0066B8FD /* music.mp3 in Resources */ = {isa = PBXBuildFile; fileRef = D07351C81DA446BD0066B8FD /* music.mp3 */; };
		D07351CB1DA446BD0066B8FD /* music.png in Resources */ = {isa = PBXBuildFile; fileRef = D07351C91DA446BD0066B8FD /* music.png */; };
		D092818F1DA3E36E00CBA59D /* pokemon.csv in Resources */ = {isa = PBXBuildFile; fileRef = D092818E1DA3E36E00CBA59D /* pokemon.csv */; };
		D09281921DA3E58100CBA59D /* Pokemon.swift in Sources */ = {isa = PBXBuildFile; fileRef = D09281911DA3E58100CBA59D /* Pokemon.swift */; };
		D0E636DE1DA7B35F00ACF76E /* Constants.swift in Sources */ = {isa = PBXBuildFile; fileRef = D0E636DD1DA7B35F00ACF76E /* Constants.swift */; };
		D0FF54BF1DA51B220082E0C9 /* PokemonDetailVC.swift in Sources */ = {isa = PBXBuildFile; fileRef = D0FF54BE1DA51B220082E0C9 /* PokemonDetailVC.swift */; };
/* End PBXBuildFile section */

/* Begin PBXFileReference section */
		2A29A917088B7302ED3E8103 /* Pods_pokedex3.framework */ = {isa = PBXFileReference; explicitFileType = wrapper.framework; includeInIndex = 0; path = Pods_pokedex3.framework; sourceTree = BUILT_PRODUCTS_DIR; };
		5AB4B8F98505A8B3811905C7 /* Pods-pokedex3.release.xcconfig */ = {isa = PBXFileReference; includeInIndex = 1; lastKnownFileType = text.xcconfig; name = "Pods-pokedex3.release.xcconfig"; path = "Pods/Target Support Files/Pods-pokedex3/Pods-pokedex3.release.xcconfig"; sourceTree = "<group>"; };
		9DD150B9BBF08D6C27914474 /* Pods-pokedex3.debug.xcconfig */ = {isa = PBXFileReference; includeInIndex = 1; lastKnownFileType = text.xcconfig; name = "Pods-pokedex3.debug.xcconfig"; path = "Pods/Target Support Files/Pods-pokedex3/Pods-pokedex3.debug.xcconfig"; sourceTree = "<group>"; };
		D04713331DA3D8F100D16063 /* pokedex3.app */ = {isa = PBXFileReference; explicitFileType = wrapper.application; includeInIndex = 0; path = pokedex3.app; sourceTree = BUILT_PRODUCTS_DIR; };
		D04713361DA3D8F100D16063 /* AppDelegate.swift */ = {isa = PBXFileReference; lastKnownFileType = sourcecode.swift; path = AppDelegate.swift; sourceTree = "<group>"; };
		D04713381DA3D8F100D16063 /* ViewController.swift */ = {isa = PBXFileReference; lastKnownFileType = sourcecode.swift; path = ViewController.swift; sourceTree = "<group>"; };
		D047133B1DA3D8F100D16063 /* Base */ = {isa = PBXFileReference; lastKnownFileType = file.storyboard; name = Base; path = Base.lproj/Main.storyboard; sourceTree = "<group>"; };
		D047133D1DA3D8F100D16063 /* Assets.xcassets */ = {isa = PBXFileReference; lastKnownFileType = folder.assetcatalog; path = Assets.xcassets; sourceTree = "<group>"; };
		D04713401DA3D8F100D16063 /* Base */ = {isa = PBXFileReference; lastKnownFileType = file.storyboard; name = Base; path = Base.lproj/LaunchScreen.storyboard; sourceTree = "<group>"; };
		D04713421DA3D8F100D16063 /* Info.plist */ = {isa = PBXFileReference; lastKnownFileType = text.plist.xml; path = Info.plist; sourceTree = "<group>"; };
		D07351BD1DA42FD90066B8FD /* PokeCell.swift */ = {isa = PBXFileReference; fileEncoding = 4; lastKnownFileType = sourcecode.swift; path = PokeCell.swift; sourceTree = "<group>"; };
		D07351BF1DA43DD60066B8FD /* csv.swift */ = {isa = PBXFileReference; fileEncoding = 4; lastKnownFileType = sourcecode.swift; path = csv.swift; sourceTree = "<group>"; };
		D07351C31DA4440F0066B8FD /* pokemon.ttf */ = {isa = PBXFileReference; lastKnownFileType = file; path = pokemon.ttf; sourceTree = "<group>"; };
		D07351C81DA446BD0066B8FD /* music.mp3 */ = {isa = PBXFileReference; lastKnownFileType = audio.mp3; path = music.mp3; sourceTree = "<group>"; };
		D07351C91DA446BD0066B8FD /* music.png */ = {isa = PBXFileReference; lastKnownFileType = image.png; path = music.png; sourceTree = "<group>"; };
		D092818E1DA3E36E00CBA59D /* pokemon.csv */ = {isa = PBXFileReference; fileEncoding = 4; lastKnownFileType = text; path = pokemon.csv; sourceTree = "<group>"; };
		D09281911DA3E58100CBA59D /* Pokemon.swift */ = {isa = PBXFileReference; fileEncoding = 4; lastKnownFileType = sourcecode.swift; path = Pokemon.swift; sourceTree = "<group>"; };
		D0E636DD1DA7B35F00ACF76E /* Constants.swift */ = {isa = PBXFileReference; fileEncoding = 4; lastKnownFileType = sourcecode.swift; path = Constants.swift; sourceTree = "<group>"; };
		D0FF54BE1DA51B220082E0C9 /* PokemonDetailVC.swift */ = {isa = PBXFileReference; fileEncoding = 4; lastKnownFileType = sourcecode.swift; path = PokemonDetailVC.swift; sourceTree = "<group>"; };
/* End PBXFileReference section */

/* Begin PBXFrameworksBuildPhase section */
		D04713301DA3D8F100D16063 /* Frameworks */ = {
			isa = PBXFrameworksBuildPhase;
			buildActionMask = 2147483647;
			files = (
				C0B4293BF9F523998C16874A /* Pods_pokedex3.framework in Frameworks */,
			);
			runOnlyForDeploymentPostprocessing = 0;
		};
/* End PBXFrameworksBuildPhase section */

/* Begin PBXGroup section */
		0D119CD7C2CBD29149437642 /* Frameworks */ = {
			isa = PBXGroup;
			children = (
				2A29A917088B7302ED3E8103 /* Pods_pokedex3.framework */,
			);
			name = Frameworks;
			sourceTree = "<group>";
		};
		7FCD08A16815F64BE805B6D4 /* Pods */ = {
			isa = PBXGroup;
			children = (
				9DD150B9BBF08D6C27914474 /* Pods-pokedex3.debug.xcconfig */,
				5AB4B8F98505A8B3811905C7 /* Pods-pokedex3.release.xcconfig */,
			);
			name = Pods;
			sourceTree = "<group>";
		};
		D047132A1DA3D8F100D16063 = {
			isa = PBXGroup;
			children = (
				D04713351DA3D8F100D16063 /* pokedex3 */,
				D04713341DA3D8F100D16063 /* Products */,
				7FCD08A16815F64BE805B6D4 /* Pods */,
				0D119CD7C2CBD29149437642 /* Frameworks */,
			);
			sourceTree = "<group>";
		};
		D04713341DA3D8F100D16063 /* Products */ = {
			isa = PBXGroup;
			children = (
				D04713331DA3D8F100D16063 /* pokedex3.app */,
			);
			name = Products;
			sourceTree = "<group>";
		};
		D04713351DA3D8F100D16063 /* pokedex3 */ = {
			isa = PBXGroup;
			children = (
				D09281901DA3E56D00CBA59D /* Model */,
				D07351BC1DA42F820066B8FD /* View */,
				D07351C51DA444290066B8FD /* Controller */,
				D07351C61DA4443D0066B8FD /* Resources */,
				D07351C71DA444740066B8FD /* Util */,
				D04713361DA3D8F100D16063 /* AppDelegate.swift */,
				D047133A1DA3D8F100D16063 /* Main.storyboard */,
				D047133D1DA3D8F100D16063 /* Assets.xcassets */,
				D047133F1DA3D8F100D16063 /* LaunchScreen.storyboard */,
				D04713421DA3D8F100D16063 /* Info.plist */,
			);
			path = pokedex3;
			sourceTree = "<group>";
		};
		D07351BC1DA42F820066B8FD /* View */ = {
			isa = PBXGroup;
			children = (
				D07351BD1DA42FD90066B8FD /* PokeCell.swift */,
			);
			name = View;
			sourceTree = "<group>";
		};
		D07351C51DA444290066B8FD /* Controller */ = {
			isa = PBXGroup;
			children = (
				D04713381DA3D8F100D16063 /* ViewController.swift */,
				D0FF54BE1DA51B220082E0C9 /* PokemonDetailVC.swift */,
			);
			name = Controller;
			sourceTree = "<group>";
		};
		D07351C61DA4443D0066B8FD /* Resources */ = {
			isa = PBXGroup;
			children = (
				D07351C31DA4440F0066B8FD /* pokemon.ttf */,
				D092818E1DA3E36E00CBA59D /* pokemon.csv */,
				D07351C81DA446BD0066B8FD /* music.mp3 */,
				D07351C91DA446BD0066B8FD /* music.png */,
			);
			name = Resources;
			sourceTree = "<group>";
		};
		D07351C71DA444740066B8FD /* Util */ = {
			isa = PBXGroup;
			children = (
				D07351BF1DA43DD60066B8FD /* csv.swift */,
				D0E636DD1DA7B35F00ACF76E /* Constants.swift */,
			);
			name = Util;
			sourceTree = "<group>";
		};
		D09281901DA3E56D00CBA59D /* Model */ = {
			isa = PBXGroup;
			children = (
				D09281911DA3E58100CBA59D /* Pokemon.swift */,
			);
			name = Model;
			sourceTree = "<group>";
		};
/* End PBXGroup section */

/* Begin PBXNativeTarget section */
		D04713321DA3D8F100D16063 /* pokedex3 */ = {
			isa = PBXNativeTarget;
			buildConfigurationList = D04713451DA3D8F100D16063 /* Build configuration list for PBXNativeTarget "pokedex3" */;
			buildPhases = (
				0240C294DD1AF48ECE5B537D /* [CP] Check Pods Manifest.lock */,
				D047132F1DA3D8F100D16063 /* Sources */,
				D04713301DA3D8F100D16063 /* Frameworks */,
				D04713311DA3D8F100D16063 /* Resources */,
				C486E1D4ED2580FBDE254D9B /* [CP] Embed Pods Frameworks */,
				C14FB033A00E09B7EEC21C03 /* [CP] Copy Pods Resources */,
			);
			buildRules = (
			);
			dependencies = (
			);
			name = pokedex3;
			productName = pokedex3;
			productReference = D04713331DA3D8F100D16063 /* pokedex3.app */;
			productType = "com.apple.product-type.application";
		};
/* End PBXNativeTarget section */

/* Begin PBXProject section */
		D047132B1DA3D8F100D16063 /* Project object */ = {
			isa = PBXProject;
			attributes = {
				LastSwiftUpdateCheck = 0800;
				LastUpgradeCheck = 0800;
				ORGANIZATIONNAME = "Florin Termure";
				TargetAttributes = {
					D04713321DA3D8F100D16063 = {
						CreatedOnToolsVersion = 8.0;
						DevelopmentTeam = 6MA2T4L6D3;
						LastSwiftMigration = 0800;
						ProvisioningStyle = Automatic;
					};
				};
			};
			buildConfigurationList = D047132E1DA3D8F100D16063 /* Build configuration list for PBXProject "pokedex3" */;
			compatibilityVersion = "Xcode 3.2";
			developmentRegion = English;
			hasScannedForEncodings = 0;
			knownRegions = (
				en,
				Base,
			);
			mainGroup = D047132A1DA3D8F100D16063;
			productRefGroup = D04713341DA3D8F100D16063 /* Products */;
			projectDirPath = "";
			projectRoot = "";
			targets = (
				D04713321DA3D8F100D16063 /* pokedex3 */,
			);
		};
/* End PBXProject section */

/* Begin PBXResourcesBuildPhase section */
		D04713311DA3D8F100D16063 /* Resources */ = {
			isa = PBXResourcesBuildPhase;
			buildActionMask = 2147483647;
			files = (
				D07351C41DA4440F0066B8FD /* pokemon.ttf in Resources */,
				D07351CB1DA446BD0066B8FD /* music.png in Resources */,
				D04713411DA3D8F100D16063 /* LaunchScreen.storyboard in Resources */,
				D07351CA1DA446BD0066B8FD /* music.mp3 in Resources */,
				D047133E1DA3D8F100D16063 /* Assets.xcassets in Resources */,
				D092818F1DA3E36E00CBA59D /* pokemon.csv in Resources */,
				D047133C1DA3D8F100D16063 /* Main.storyboard in Resources */,
			);
			runOnlyForDeploymentPostprocessing = 0;
		};
/* End PBXResourcesBuildPhase section */

/* Begin PBXShellScriptBuildPhase section */
		0240C294DD1AF48ECE5B537D /* [CP] Check Pods Manifest.lock */ = {
			isa = PBXShellScriptBuildPhase;
			buildActionMask = 2147483647;
			files = (
			);
			inputPaths = (
			);
			name = "[CP] Check Pods Manifest.lock";
			outputPaths = (
			);
			runOnlyForDeploymentPostprocessing = 0;
			shellPath = /bin/sh;
			shellScript = "diff \"${PODS_ROOT}/../Podfile.lock\" \"${PODS_ROOT}/Manifest.lock\" > /dev/null\nif [[ $? != 0 ]] ; then\n    cat << EOM\nerror: The sandbox is not in sync with the Podfile.lock. Run 'pod install' or update your CocoaPods installation.\nEOM\n    exit 1\nfi\n";
			showEnvVarsInLog = 0;
		};
		C14FB033A00E09B7EEC21C03 /* [CP] Copy Pods Resources */ = {
			isa = PBXShellScriptBuildPhase;
			buildActionMask = 2147483647;
			files = (
			);
			inputPaths = (
			);
			name = "[CP] Copy Pods Resources";
			outputPaths = (
			);
			runOnlyForDeploymentPostprocessing = 0;
			shellPath = /bin/sh;
			shellScript = "\"${SRCROOT}/Pods/Target Support Files/Pods-pokedex3/Pods-pokedex3-resources.sh\"\n";
			showEnvVarsInLog = 0;
		};
		C486E1D4ED2580FBDE254D9B /* [CP] Embed Pods Frameworks */ = {
			isa = PBXShellScriptBuildPhase;
			buildActionMask = 2147483647;
			files = (
			);
			inputPaths = (
			);
			name = "[CP] Embed Pods Frameworks";
			outputPaths = (
			);
			runOnlyForDeploymentPostprocessing = 0;
			shellPath = /bin/sh;
			shellScript = "\"${SRCROOT}/Pods/Target Support Files/Pods-pokedex3/Pods-pokedex3-frameworks.sh\"\n";
			showEnvVarsInLog = 0;
		};
/* End PBXShellScriptBuildPhase section */

/* Begin PBXSourcesBuildPhase section */
		D047132F1DA3D8F100D16063 /* Sources */ = {
			isa = PBXSourcesBuildPhase;
			buildActionMask = 2147483647;
			files = (
				D07351BE1DA42FD90066B8FD /* PokeCell.swift in Sources */,
				D04713391DA3D8F100D16063 /* ViewController.swift in Sources */,
				D04713371DA3D8F100D16063 /* AppDelegate.swift in Sources */,
				D0FF54BF1DA51B220082E0C9 /* PokemonDetailVC.swift in Sources */,
				D0E636DE1DA7B35F00ACF76E /* Constants.swift in Sources */,
				D09281921DA3E58100CBA59D /* Pokemon.swift in Sources */,
				D07351C01DA43DD60066B8FD /* csv.swift in Sources */,
			);
			runOnlyForDeploymentPostprocessing = 0;
		};
/* End PBXSourcesBuildPhase section */

/* Begin PBXVariantGroup section */
		D047133A1DA3D8F100D16063 /* Main.storyboard */ = {
			isa = PBXVariantGroup;
			children = (
				D047133B1DA3D8F100D16063 /* Base */,
			);
			name = Main.storyboard;
			sourceTree = "<group>";
		};
		D047133F1DA3D8F100D16063 /* LaunchScreen.storyboard */ = {
			isa = PBXVariantGroup;
			children = (
				D04713401DA3D8F100D16063 /* Base */,
			);
			name = LaunchScreen.storyboard;
			sourceTree = "<group>";
		};
/* End PBXVariantGroup section */

/* Begin XCBuildConfiguration section */
		D04713431DA3D8F100D16063 /* Debug */ = {
			isa = XCBuildConfiguration;
			buildSettings = {
				ALWAYS_SEARCH_USER_PATHS = NO;
				CLANG_ANALYZER_NONNULL = YES;
				CLANG_CXX_LANGUAGE_STANDARD = "gnu++0x";
				CLANG_CXX_LIBRARY = "libc++";
				CLANG_ENABLE_MODULES = YES;
				CLANG_ENABLE_OBJC_ARC = YES;
				CLANG_WARN_BOOL_CONVERSION = YES;
				CLANG_WARN_CONSTANT_CONVERSION = YES;
				CLANG_WARN_DIRECT_OBJC_ISA_USAGE = YES_ERROR;
				CLANG_WARN_DOCUMENTATION_COMMENTS = YES;
				CLANG_WARN_EMPTY_BODY = YES;
				CLANG_WARN_ENUM_CONVERSION = YES;
				CLANG_WARN_INFINITE_RECURSION = YES;
				CLANG_WARN_INT_CONVERSION = YES;
				CLANG_WARN_OBJC_ROOT_CLASS = YES_ERROR;
				CLANG_WARN_SUSPICIOUS_MOVE = YES;
				CLANG_WARN_SUSPICIOUS_MOVES = YES;
				CLANG_WARN_UNREACHABLE_CODE = YES;
				CLANG_WARN__DUPLICATE_METHOD_MATCH = YES;
				"CODE_SIGN_IDENTITY[sdk=iphoneos*]" = "iPhone Developer";
				COPY_PHASE_STRIP = NO;
				DEBUG_INFORMATION_FORMAT = dwarf;
				ENABLE_STRICT_OBJC_MSGSEND = YES;
				ENABLE_TESTABILITY = YES;
				GCC_C_LANGUAGE_STANDARD = gnu99;
				GCC_DYNAMIC_NO_PIC = NO;
				GCC_NO_COMMON_BLOCKS = YES;
				GCC_OPTIMIZATION_LEVEL = 0;
				GCC_PREPROCESSOR_DEFINITIONS = (
					"DEBUG=1",
					"$(inherited)",
				);
				GCC_WARN_64_TO_32_BIT_CONVERSION = YES;
				GCC_WARN_ABOUT_RETURN_TYPE = YES_ERROR;
				GCC_WARN_UNDECLARED_SELECTOR = YES;
				GCC_WARN_UNINITIALIZED_AUTOS = YES_AGGRESSIVE;
				GCC_WARN_UNUSED_FUNCTION = YES;
				GCC_WARN_UNUSED_VARIABLE = YES;
				IPHONEOS_DEPLOYMENT_TARGET = 10.0;
				MTL_ENABLE_DEBUG_INFO = YES;
				ONLY_ACTIVE_ARCH = YES;
				SDKROOT = iphoneos;
				SWIFT_ACTIVE_COMPILATION_CONDITIONS = DEBUG;
				SWIFT_OPTIMIZATION_LEVEL = "-Onone";
			};
			name = Debug;
		};
		D04713441DA3D8F100D16063 /* Release */ = {
			isa = XCBuildConfiguration;
			buildSettings = {
				ALWAYS_SEARCH_USER_PATHS = NO;
				CLANG_ANALYZER_NONNULL = YES;
				CLANG_CXX_LANGUAGE_STANDARD = "gnu++0x";
				CLANG_CXX_LIBRARY = "libc++";
				CLANG_ENABLE_MODULES = YES;
				CLANG_ENABLE_OBJC_ARC = YES;
				CLANG_WARN_BOOL_CONVERSION = YES;
				CLANG_WARN_CONSTANT_CONVERSION = YES;
				CLANG_WARN_DIRECT_OBJC_ISA_USAGE = YES_ERROR;
				CLANG_WARN_DOCUMENTATION_COMMENTS = YES;
				CLANG_WARN_EMPTY_BODY = YES;
				CLANG_WARN_ENUM_CONVERSION = YES;
				CLANG_WARN_INFINITE_RECURSION = YES;
				CLANG_WARN_INT_CONVERSION = YES;
				CLANG_WARN_OBJC_ROOT_CLASS = YES_ERROR;
				CLANG_WARN_SUSPICIOUS_MOVE = YES;
				CLANG_WARN_SUSPICIOUS_MOVES = YES;
				CLANG_WARN_UNREACHABLE_CODE = YES;
				CLANG_WARN__DUPLICATE_METHOD_MATCH = YES;
				"CODE_SIGN_IDENTITY[sdk=iphoneos*]" = "iPhone Developer";
				COPY_PHASE_STRIP = NO;
				DEBUG_INFORMATION_FORMAT = "dwarf-with-dsym";
				ENABLE_NS_ASSERTIONS = NO;
				ENABLE_STRICT_OBJC_MSGSEND = YES;
				GCC_C_LANGUAGE_STANDARD = gnu99;
				GCC_NO_COMMON_BLOCKS = YES;
				GCC_WARN_64_TO_32_BIT_CONVERSION = YES;
				GCC_WARN_ABOUT_RETURN_TYPE = YES_ERROR;
				GCC_WARN_UNDECLARED_SELECTOR = YES;
				GCC_WARN_UNINITIALIZED_AUTOS = YES_AGGRESSIVE;
				GCC_WARN_UNUSED_FUNCTION = YES;
				GCC_WARN_UNUSED_VARIABLE = YES;
				IPHONEOS_DEPLOYMENT_TARGET = 10.0;
				MTL_ENABLE_DEBUG_INFO = NO;
				SDKROOT = iphoneos;
				SWIFT_OPTIMIZATION_LEVEL = "-Owholemodule";
				VALIDATE_PRODUCT = YES;
			};
			name = Release;
		};
		D04713461DA3D8F100D16063 /* Debug */ = {
			isa = XCBuildConfiguration;
			baseConfigurationReference = 9DD150B9BBF08D6C27914474 /* Pods-pokedex3.debug.xcconfig */;
			buildSettings = {
				ALWAYS_EMBED_SWIFT_STANDARD_LIBRARIES = YES;
				ASSETCATALOG_COMPILER_APPICON_NAME = AppIcon;
				DEVELOPMENT_TEAM = 6MA2T4L6D3;
				INFOPLIST_FILE = pokedex3/Info.plist;
				LD_RUNPATH_SEARCH_PATHS = "$(inherited) @executable_path/Frameworks";
				PRODUCT_BUNDLE_IDENTIFIER = com.FlorinTermure.pokedex3;
				PRODUCT_NAME = "$(TARGET_NAME)";
				SWIFT_VERSION = 3.0;
			};
			name = Debug;
		};
		D04713471DA3D8F100D16063 /* Release */ = {
			isa = XCBuildConfiguration;
			baseConfigurationReference = 5AB4B8F98505A8B3811905C7 /* Pods-pokedex3.release.xcconfig */;
			buildSettings = {
				ALWAYS_EMBED_SWIFT_STANDARD_LIBRARIES = YES;
				ASSETCATALOG_COMPILER_APPICON_NAME = AppIcon;
				DEVELOPMENT_TEAM = 6MA2T4L6D3;
				INFOPLIST_FILE = pokedex3/Info.plist;
				LD_RUNPATH_SEARCH_PATHS = "$(inherited) @executable_path/Frameworks";
				PRODUCT_BUNDLE_IDENTIFIER = com.FlorinTermure.pokedex3;
				PRODUCT_NAME = "$(TARGET_NAME)";
				SWIFT_VERSION = 3.0;
			};
			name = Release;
		};
/* End XCBuildConfiguration section */

/* Begin XCConfigurationList section */
		D047132E1DA3D8F100D16063 /* Build configuration list for PBXProject "pokedex3" */ = {
			isa = XCConfigurationList;
			buildConfigurations = (
				D04713431DA3D8F100D16063 /* Debug */,
				D04713441DA3D8F100D16063 /* Release */,
			);
			defaultConfigurationIsVisible = 0;
			defaultConfigurationName = Release;
		};
		D04713451DA3D8F100D16063 /* Build configuration list for PBXNativeTarget "pokedex3" */ = {
			isa = XCConfigurationList;
			buildConfigurations = (
				D04713461DA3D8F100D16063 /* Debug */,
				D04713471DA3D8F100D16063 /* Release */,
			);
			defaultConfigurationIsVisible = 0;
			defaultConfigurationName = Release;
		};
/* End XCConfigurationList section */
	};
	rootObject = D047132B1DA3D8F100D16063 /* Project object */;
}
